{
  "version": 4,
  "terraform_version": "1.0.2",
  "serial": 260,
  "lineage": "76a2b316-fb58-ca78-ba2a-77266c328d4f",
  "outputs": {},
  "resources": [
    {
      "mode": "managed",
      "type": "azurerm_linux_virtual_machine",
      "name": "myVM",
      "provider": "provider[\"registry.terraform.io/hashicorp/azurerm\"]",
      "instances": [
        {
          "index_key": 0,
          "schema_version": 0,
          "attributes": {
            "additional_capabilities": [],
            "admin_password": null,
            "admin_ssh_key": [
              {
                "public_key": "ssh-rsa AAAAB3NzaC1yc2EAAAADAQABAAACAQDg+A8ovsvxegybYTcqsCHBBePoYEEKAKpxSs594Y1+K55U5U6XJ3RWOlWHyg9Gqdm/KhBpIUgYm+QYjhNv/BnoVaIJEzL4Hb0zwHnqDoX4AGR07/racuQInKYEz13HOfcYnZQFq0HHq1e9XHB6gfVXVIJGvoZB1D7tt6o6zI7pni60ctr9StbxmclFjywQrgxrks5J5cbNRhW/8Ot2cjPS0rIfqS/weHK0t8dbfLBbOZRzN8wYJ3CzOO9JGIbFWMrkAljcH7+bZrZkZzppo4SrX4BTtfnSiBeyJU+rBDrolswoDAvTkThD5DmGTYK09CYVx4xVCpRFh4IOzgzaQ4lYjLBmI670xHNBsvt932woBHnBDuYpyITfw5q49WB7UHocNSx/U79mTqtlsRqFWCfTIsRjl3NWr52JtTvDL0wIAGwZPu+jfdP5fjetVbJLAOuvbLy2AHLNJeQ1NcmnW8X6VcBmnQKoqtVgemU0YWGhWa03/HJO/r1T2mJHQIL7DFSKHcqYLD7QlCFv4ZwiryDlEVLvGArJamuUh6dwRUuCT9DlOA7nml4cNHPPB6f5BZ1c3e5/rKjJ3ekOiLwG0WB51LzOIQQCPe/nIAkBQnnS5jOEPvSPUpYhdx2wxztyEflE8kl43IXtEkXnjyERxrsdR9iYPPS38L0u1NTIS8jwBQ== jose@cc-4ad0cc2c-74dfb78f68-nchdf\n",
                "username": "adminUsername"
              }
            ],
            "admin_username": "adminUsername",
            "allow_extension_operations": true,
            "availability_set_id": "",
            "boot_diagnostics": [
              {
                "storage_account_uri": "https://staaccountenvcp2.blob.core.windows.net/"
              }
            ],
            "computer_name": "worker01",
            "custom_data": null,
            "dedicated_host_id": "",
            "disable_password_authentication": true,
            "encryption_at_host_enabled": false,
            "eviction_policy": "",
            "extensions_time_budget": "PT1H30M",
            "id": "/subscriptions/17b8d1eb-a17d-448b-bbd9-0ee611ad3ec0/resourceGroups/kubernetes_rg/providers/Microsoft.Compute/virtualMachines/worker01",
            "identity": [],
            "location": "westeurope",
            "max_bid_price": -1,
            "name": "worker01",
            "network_interface_ids": [
              "/subscriptions/17b8d1eb-a17d-448b-bbd9-0ee611ad3ec0/resourceGroups/kubernetes_rg/providers/Microsoft.Network/networkInterfaces/nic-worker01"
            ],
            "os_disk": [
              {
                "caching": "ReadWrite",
                "diff_disk_settings": [],
                "disk_encryption_set_id": "",
                "disk_size_gb": 30,
                "name": "worker01_OsDisk_1_2cdc9638b8e245d09d4dcb2fdb408464",
                "storage_account_type": "Standard_LRS",
                "write_accelerator_enabled": false
              }
            ],
            "plan": [
              {
                "name": "centos-8-stream-free",
                "product": "centos-8-stream-free",
                "publisher": "cognosys"
              }
            ],
            "priority": "Regular",
            "private_ip_address": "10.0.1.10",
            "private_ip_addresses": [
              "10.0.1.10"
            ],
            "provision_vm_agent": true,
            "proximity_placement_group_id": "",
            "public_ip_address": "13.80.49.47",
            "public_ip_addresses": [
              "13.80.49.47"
            ],
            "resource_group_name": "kubernetes_rg",
            "secret": [],
            "size": "Standard_A1_v2",
            "source_image_id": "",
            "source_image_reference": [
              {
                "offer": "centos-8-stream-free",
                "publisher": "cognosys",
                "sku": "centos-8-stream-free",
                "version": "1.2019.0810"
              }
            ],
            "tags": {
              "environment": "CP2"
            },
            "timeouts": null,
            "virtual_machine_id": "d387de6b-7847-48b1-b47b-2781e78ed5fc",
            "virtual_machine_scale_set_id": "",
            "zone": ""
          },
          "sensitive_attributes": [],
          "private": "eyJlMmJmYjczMC1lY2FhLTExZTYtOGY4OC0zNDM2M2JjN2M0YzAiOnsiY3JlYXRlIjoyNzAwMDAwMDAwMDAwLCJkZWxldGUiOjI3MDAwMDAwMDAwMDAsInJlYWQiOjMwMDAwMDAwMDAwMCwidXBkYXRlIjoyNzAwMDAwMDAwMDAwfX0=",
          "dependencies": [
            "azurerm_resource_group.rg",
            "azurerm_storage_account.stAccount",
            "azurerm_subnet.mySubnet",
            "azurerm_virtual_network.myNet",
            "azurerm_network_interface.myNic",
            "azurerm_public_ip.myPublicIp"
          ]
        },
        {
          "index_key": 1,
          "schema_version": 0,
          "attributes": {
            "additional_capabilities": [],
            "admin_password": null,
            "admin_ssh_key": [
              {
                "public_key": "ssh-rsa AAAAB3NzaC1yc2EAAAADAQABAAACAQDg+A8ovsvxegybYTcqsCHBBePoYEEKAKpxSs594Y1+K55U5U6XJ3RWOlWHyg9Gqdm/KhBpIUgYm+QYjhNv/BnoVaIJEzL4Hb0zwHnqDoX4AGR07/racuQInKYEz13HOfcYnZQFq0HHq1e9XHB6gfVXVIJGvoZB1D7tt6o6zI7pni60ctr9StbxmclFjywQrgxrks5J5cbNRhW/8Ot2cjPS0rIfqS/weHK0t8dbfLBbOZRzN8wYJ3CzOO9JGIbFWMrkAljcH7+bZrZkZzppo4SrX4BTtfnSiBeyJU+rBDrolswoDAvTkThD5DmGTYK09CYVx4xVCpRFh4IOzgzaQ4lYjLBmI670xHNBsvt932woBHnBDuYpyITfw5q49WB7UHocNSx/U79mTqtlsRqFWCfTIsRjl3NWr52JtTvDL0wIAGwZPu+jfdP5fjetVbJLAOuvbLy2AHLNJeQ1NcmnW8X6VcBmnQKoqtVgemU0YWGhWa03/HJO/r1T2mJHQIL7DFSKHcqYLD7QlCFv4ZwiryDlEVLvGArJamuUh6dwRUuCT9DlOA7nml4cNHPPB6f5BZ1c3e5/rKjJ3ekOiLwG0WB51LzOIQQCPe/nIAkBQnnS5jOEPvSPUpYhdx2wxztyEflE8kl43IXtEkXnjyERxrsdR9iYPPS38L0u1NTIS8jwBQ== jose@cc-4ad0cc2c-74dfb78f68-nchdf\n",
                "username": "adminUsername"
              }
            ],
            "admin_username": "adminUsername",
            "allow_extension_operations": true,
            "availability_set_id": "",
            "boot_diagnostics": [
              {
                "storage_account_uri": "https://staaccountenvcp2.blob.core.windows.net/"
              }
            ],
            "computer_name": "worker02",
            "custom_data": null,
            "dedicated_host_id": "",
            "disable_password_authentication": true,
            "encryption_at_host_enabled": false,
            "eviction_policy": "",
            "extensions_time_budget": "PT1H30M",
            "id": "/subscriptions/17b8d1eb-a17d-448b-bbd9-0ee611ad3ec0/resourceGroups/kubernetes_rg/providers/Microsoft.Compute/virtualMachines/worker02",
            "identity": [],
            "location": "westeurope",
            "max_bid_price": -1,
            "name": "worker02",
            "network_interface_ids": [
              "/subscriptions/17b8d1eb-a17d-448b-bbd9-0ee611ad3ec0/resourceGroups/kubernetes_rg/providers/Microsoft.Network/networkInterfaces/nic-worker02"
            ],
            "os_disk": [
              {
                "caching": "ReadWrite",
                "diff_disk_settings": [],
                "disk_encryption_set_id": "",
                "disk_size_gb": 30,
                "name": "worker02_OsDisk_1_9a42d7ce0d7e4cf3b4dfa79cfc62b76e",
                "storage_account_type": "Standard_LRS",
                "write_accelerator_enabled": false
              }
            ],
            "plan": [
              {
                "name": "centos-8-stream-free",
                "product": "centos-8-stream-free",
                "publisher": "cognosys"
              }
            ],
            "priority": "Regular",
            "private_ip_address": "10.0.1.11",
            "private_ip_addresses": [
              "10.0.1.11"
            ],
            "provision_vm_agent": true,
            "proximity_placement_group_id": "",
            "public_ip_address": "40.68.10.28",
            "public_ip_addresses": [
              "40.68.10.28"
            ],
            "resource_group_name": "kubernetes_rg",
            "secret": [],
            "size": "Standard_A1_v2",
            "source_image_id": "",
            "source_image_reference": [
              {
                "offer": "centos-8-stream-free",
                "publisher": "cognosys",
                "sku": "centos-8-stream-free",
                "version": "1.2019.0810"
              }
            ],
            "tags": {
              "environment": "CP2"
            },
            "timeouts": null,
            "virtual_machine_id": "21960058-fadc-4a3e-ad6c-73a5cae12645",
            "virtual_machine_scale_set_id": "",
            "zone": ""
          },
          "sensitive_attributes": [],
          "private": "eyJlMmJmYjczMC1lY2FhLTExZTYtOGY4OC0zNDM2M2JjN2M0YzAiOnsiY3JlYXRlIjoyNzAwMDAwMDAwMDAwLCJkZWxldGUiOjI3MDAwMDAwMDAwMDAsInJlYWQiOjMwMDAwMDAwMDAwMCwidXBkYXRlIjoyNzAwMDAwMDAwMDAwfX0=",
          "dependencies": [
            "azurerm_network_interface.myNic",
            "azurerm_public_ip.myPublicIp",
            "azurerm_resource_group.rg",
            "azurerm_storage_account.stAccount",
            "azurerm_subnet.mySubnet",
            "azurerm_virtual_network.myNet"
          ]
        }
      ]
    },
    {
      "mode": "managed",
      "type": "azurerm_linux_virtual_machine",
      "name": "myVM_master",
      "provider": "provider[\"registry.terraform.io/hashicorp/azurerm\"]",
      "instances": [
        {
          "schema_version": 0,
          "attributes": {
            "additional_capabilities": [],
            "admin_password": null,
            "admin_ssh_key": [
              {
                "public_key": "ssh-rsa AAAAB3NzaC1yc2EAAAADAQABAAACAQDg+A8ovsvxegybYTcqsCHBBePoYEEKAKpxSs594Y1+K55U5U6XJ3RWOlWHyg9Gqdm/KhBpIUgYm+QYjhNv/BnoVaIJEzL4Hb0zwHnqDoX4AGR07/racuQInKYEz13HOfcYnZQFq0HHq1e9XHB6gfVXVIJGvoZB1D7tt6o6zI7pni60ctr9StbxmclFjywQrgxrks5J5cbNRhW/8Ot2cjPS0rIfqS/weHK0t8dbfLBbOZRzN8wYJ3CzOO9JGIbFWMrkAljcH7+bZrZkZzppo4SrX4BTtfnSiBeyJU+rBDrolswoDAvTkThD5DmGTYK09CYVx4xVCpRFh4IOzgzaQ4lYjLBmI670xHNBsvt932woBHnBDuYpyITfw5q49WB7UHocNSx/U79mTqtlsRqFWCfTIsRjl3NWr52JtTvDL0wIAGwZPu+jfdP5fjetVbJLAOuvbLy2AHLNJeQ1NcmnW8X6VcBmnQKoqtVgemU0YWGhWa03/HJO/r1T2mJHQIL7DFSKHcqYLD7QlCFv4ZwiryDlEVLvGArJamuUh6dwRUuCT9DlOA7nml4cNHPPB6f5BZ1c3e5/rKjJ3ekOiLwG0WB51LzOIQQCPe/nIAkBQnnS5jOEPvSPUpYhdx2wxztyEflE8kl43IXtEkXnjyERxrsdR9iYPPS38L0u1NTIS8jwBQ== jose@cc-4ad0cc2c-74dfb78f68-nchdf\n",
                "username": "adminUsername"
              }
            ],
            "admin_username": "adminUsername",
            "allow_extension_operations": true,
            "availability_set_id": "",
            "boot_diagnostics": [
              {
                "storage_account_uri": "https://staaccountenvcp2.blob.core.windows.net/"
              }
            ],
            "computer_name": "master",
            "custom_data": null,
            "dedicated_host_id": "",
            "disable_password_authentication": true,
            "encryption_at_host_enabled": false,
            "eviction_policy": "",
            "extensions_time_budget": "PT1H30M",
            "id": "/subscriptions/17b8d1eb-a17d-448b-bbd9-0ee611ad3ec0/resourceGroups/kubernetes_rg/providers/Microsoft.Compute/virtualMachines/master",
            "identity": [],
            "location": "westeurope",
            "max_bid_price": -1,
            "name": "master",
            "network_interface_ids": [
              "/subscriptions/17b8d1eb-a17d-448b-bbd9-0ee611ad3ec0/resourceGroups/kubernetes_rg/providers/Microsoft.Network/networkInterfaces/nic-Master"
            ],
            "os_disk": [
              {
                "caching": "ReadWrite",
                "diff_disk_settings": [],
                "disk_encryption_set_id": "",
                "disk_size_gb": 30,
                "name": "master_OsDisk_1_6cd4191cae3a4b83911fcb2ef37e966a",
                "storage_account_type": "Standard_LRS",
                "write_accelerator_enabled": false
              }
            ],
            "plan": [
              {
                "name": "centos-8-stream-free",
                "product": "centos-8-stream-free",
                "publisher": "cognosys"
              }
            ],
            "priority": "Regular",
            "private_ip_address": "10.0.1.50",
            "private_ip_addresses": [
              "10.0.1.50"
            ],
            "provision_vm_agent": true,
            "proximity_placement_group_id": "",
            "public_ip_address": "40.68.12.41",
            "public_ip_addresses": [
              "40.68.12.41"
            ],
            "resource_group_name": "kubernetes_rg",
            "secret": [],
            "size": "Standard_A2_v2",
            "source_image_id": "",
            "source_image_reference": [
              {
                "offer": "centos-8-stream-free",
                "publisher": "cognosys",
                "sku": "centos-8-stream-free",
                "version": "1.2019.0810"
              }
            ],
            "tags": {
              "environment": "CP2"
            },
            "timeouts": null,
            "virtual_machine_id": "8487d3a2-5060-43d7-9ae6-0756b3ced754",
            "virtual_machine_scale_set_id": "",
            "zone": ""
          },
          "sensitive_attributes": [],
          "private": "eyJlMmJmYjczMC1lY2FhLTExZTYtOGY4OC0zNDM2M2JjN2M0YzAiOnsiY3JlYXRlIjoyNzAwMDAwMDAwMDAwLCJkZWxldGUiOjI3MDAwMDAwMDAwMDAsInJlYWQiOjMwMDAwMDAwMDAwMCwidXBkYXRlIjoyNzAwMDAwMDAwMDAwfX0=",
          "dependencies": [
            "azurerm_virtual_network.myNet",
            "azurerm_network_interface.myNicMaster",
            "azurerm_public_ip.myPublicIpMaster",
            "azurerm_resource_group.rg",
            "azurerm_storage_account.stAccount",
            "azurerm_subnet.mySubnet"
          ]
        }
      ]
    },
    {
      "mode": "managed",
      "type": "azurerm_managed_disk",
      "name": "nfs",
      "provider": "provider[\"registry.terraform.io/hashicorp/azurerm\"]",
      "instances": [
        {
          "schema_version": 0,
          "attributes": {
            "create_option": "Empty",
            "disk_encryption_set_id": "",
            "disk_iops_read_write": 500,
            "disk_mbps_read_write": 60,
            "disk_size_gb": 10,
            "encryption_settings": [],
            "id": "/subscriptions/17b8d1eb-a17d-448b-bbd9-0ee611ad3ec0/resourceGroups/kubernetes_rg/providers/Microsoft.Compute/disks/nfs-data",
            "image_reference_id": "",
            "location": "westeurope",
            "name": "nfs-data",
            "os_type": "",
            "resource_group_name": "kubernetes_rg",
            "source_resource_id": "",
            "source_uri": "",
            "storage_account_id": "",
            "storage_account_type": "Standard_LRS",
            "tags": {},
            "timeouts": null,
            "zones": []
          },
          "sensitive_attributes": [],
          "private": "eyJlMmJmYjczMC1lY2FhLTExZTYtOGY4OC0zNDM2M2JjN2M0YzAiOnsiY3JlYXRlIjoxODAwMDAwMDAwMDAwLCJkZWxldGUiOjE4MDAwMDAwMDAwMDAsInJlYWQiOjMwMDAwMDAwMDAwMCwidXBkYXRlIjoxODAwMDAwMDAwMDAwfX0=",
          "dependencies": [
            "azurerm_resource_group.rg"
          ]
        }
      ]
    },
    {
      "mode": "managed",
      "type": "azurerm_network_interface",
      "name": "myNic",
      "provider": "provider[\"registry.terraform.io/hashicorp/azurerm\"]",
      "instances": [
        {
          "index_key": 0,
          "schema_version": 0,
          "attributes": {
            "applied_dns_servers": [],
            "dns_servers": [],
            "enable_accelerated_networking": false,
            "enable_ip_forwarding": false,
            "id": "/subscriptions/17b8d1eb-a17d-448b-bbd9-0ee611ad3ec0/resourceGroups/kubernetes_rg/providers/Microsoft.Network/networkInterfaces/nic-worker01",
            "internal_dns_name_label": "",
            "internal_domain_name_suffix": "hpwh0z4kxjfuzhmt1xknoxcmqa.ax.internal.cloudapp.net",
            "ip_configuration": [
              {
                "name": "ipconf-worker01",
                "primary": true,
                "private_ip_address": "10.0.1.10",
                "private_ip_address_allocation": "Static",
                "private_ip_address_version": "IPv4",
                "public_ip_address_id": "/subscriptions/17b8d1eb-a17d-448b-bbd9-0ee611ad3ec0/resourceGroups/kubernetes_rg/providers/Microsoft.Network/publicIPAddresses/vmipworker01",
                "subnet_id": "/subscriptions/17b8d1eb-a17d-448b-bbd9-0ee611ad3ec0/resourceGroups/kubernetes_rg/providers/Microsoft.Network/virtualNetworks/kubernetesnet/subnets/terraformsubnet"
              }
            ],
            "location": "westeurope",
            "mac_address": "00-22-48-7F-4E-3E",
            "name": "nic-worker01",
            "private_ip_address": "10.0.1.10",
            "private_ip_addresses": [
              "10.0.1.10"
            ],
            "resource_group_name": "kubernetes_rg",
            "tags": {
              "environment": "CP2"
            },
            "timeouts": null,
            "virtual_machine_id": "/subscriptions/17b8d1eb-a17d-448b-bbd9-0ee611ad3ec0/resourceGroups/kubernetes_rg/providers/Microsoft.Compute/virtualMachines/worker01"
          },
          "sensitive_attributes": [],
          "private": "eyJlMmJmYjczMC1lY2FhLTExZTYtOGY4OC0zNDM2M2JjN2M0YzAiOnsiY3JlYXRlIjoxODAwMDAwMDAwMDAwLCJkZWxldGUiOjE4MDAwMDAwMDAwMDAsInJlYWQiOjMwMDAwMDAwMDAwMCwidXBkYXRlIjoxODAwMDAwMDAwMDAwfX0=",
          "dependencies": [
            "azurerm_virtual_network.myNet",
            "azurerm_public_ip.myPublicIp",
            "azurerm_resource_group.rg",
            "azurerm_subnet.mySubnet"
          ]
        },
        {
          "index_key": 1,
          "schema_version": 0,
          "attributes": {
            "applied_dns_servers": [],
            "dns_servers": [],
            "enable_accelerated_networking": false,
            "enable_ip_forwarding": false,
            "id": "/subscriptions/17b8d1eb-a17d-448b-bbd9-0ee611ad3ec0/resourceGroups/kubernetes_rg/providers/Microsoft.Network/networkInterfaces/nic-worker02",
            "internal_dns_name_label": "",
            "internal_domain_name_suffix": "hpwh0z4kxjfuzhmt1xknoxcmqa.ax.internal.cloudapp.net",
            "ip_configuration": [
              {
                "name": "ipconf-worker02",
                "primary": true,
                "private_ip_address": "10.0.1.11",
                "private_ip_address_allocation": "Static",
                "private_ip_address_version": "IPv4",
                "public_ip_address_id": "/subscriptions/17b8d1eb-a17d-448b-bbd9-0ee611ad3ec0/resourceGroups/kubernetes_rg/providers/Microsoft.Network/publicIPAddresses/vmipworker02",
                "subnet_id": "/subscriptions/17b8d1eb-a17d-448b-bbd9-0ee611ad3ec0/resourceGroups/kubernetes_rg/providers/Microsoft.Network/virtualNetworks/kubernetesnet/subnets/terraformsubnet"
              }
            ],
            "location": "westeurope",
            "mac_address": "00-22-48-80-2A-6C",
            "name": "nic-worker02",
            "private_ip_address": "10.0.1.11",
            "private_ip_addresses": [
              "10.0.1.11"
            ],
            "resource_group_name": "kubernetes_rg",
            "tags": {
              "environment": "CP2"
            },
            "timeouts": null,
            "virtual_machine_id": "/subscriptions/17b8d1eb-a17d-448b-bbd9-0ee611ad3ec0/resourceGroups/kubernetes_rg/providers/Microsoft.Compute/virtualMachines/worker02"
          },
          "sensitive_attributes": [],
          "private": "eyJlMmJmYjczMC1lY2FhLTExZTYtOGY4OC0zNDM2M2JjN2M0YzAiOnsiY3JlYXRlIjoxODAwMDAwMDAwMDAwLCJkZWxldGUiOjE4MDAwMDAwMDAwMDAsInJlYWQiOjMwMDAwMDAwMDAwMCwidXBkYXRlIjoxODAwMDAwMDAwMDAwfX0=",
          "dependencies": [
            "azurerm_subnet.mySubnet",
            "azurerm_virtual_network.myNet",
            "azurerm_public_ip.myPublicIp",
            "azurerm_resource_group.rg"
          ]
        }
      ]
    },
    {
      "mode": "managed",
      "type": "azurerm_network_interface",
      "name": "myNicMaster",
      "provider": "provider[\"registry.terraform.io/hashicorp/azurerm\"]",
      "instances": [
        {
          "schema_version": 0,
          "attributes": {
            "applied_dns_servers": [],
            "dns_servers": [],
            "enable_accelerated_networking": false,
            "enable_ip_forwarding": false,
            "id": "/subscriptions/17b8d1eb-a17d-448b-bbd9-0ee611ad3ec0/resourceGroups/kubernetes_rg/providers/Microsoft.Network/networkInterfaces/nic-Master",
            "internal_dns_name_label": "",
            "internal_domain_name_suffix": "hpwh0z4kxjfuzhmt1xknoxcmqa.ax.internal.cloudapp.net",
            "ip_configuration": [
              {
                "name": "ipconf-Master",
                "primary": true,
                "private_ip_address": "10.0.1.50",
                "private_ip_address_allocation": "Static",
                "private_ip_address_version": "IPv4",
                "public_ip_address_id": "/subscriptions/17b8d1eb-a17d-448b-bbd9-0ee611ad3ec0/resourceGroups/kubernetes_rg/providers/Microsoft.Network/publicIPAddresses/vmipMaster",
                "subnet_id": "/subscriptions/17b8d1eb-a17d-448b-bbd9-0ee611ad3ec0/resourceGroups/kubernetes_rg/providers/Microsoft.Network/virtualNetworks/kubernetesnet/subnets/terraformsubnet"
              }
            ],
            "location": "westeurope",
            "mac_address": "00-0D-3A-BC-B0-34",
            "name": "nic-Master",
            "private_ip_address": "10.0.1.50",
            "private_ip_addresses": [
              "10.0.1.50"
            ],
            "resource_group_name": "kubernetes_rg",
            "tags": {
              "environment": "CP2"
            },
            "timeouts": null,
            "virtual_machine_id": "/subscriptions/17b8d1eb-a17d-448b-bbd9-0ee611ad3ec0/resourceGroups/kubernetes_rg/providers/Microsoft.Compute/virtualMachines/master"
          },
          "sensitive_attributes": [],
          "private": "eyJlMmJmYjczMC1lY2FhLTExZTYtOGY4OC0zNDM2M2JjN2M0YzAiOnsiY3JlYXRlIjoxODAwMDAwMDAwMDAwLCJkZWxldGUiOjE4MDAwMDAwMDAwMDAsInJlYWQiOjMwMDAwMDAwMDAwMCwidXBkYXRlIjoxODAwMDAwMDAwMDAwfX0=",
          "dependencies": [
            "azurerm_subnet.mySubnet",
            "azurerm_virtual_network.myNet",
            "azurerm_public_ip.myPublicIpMaster",
            "azurerm_resource_group.rg"
          ]
        }
      ]
    },
    {
      "mode": "managed",
      "type": "azurerm_network_interface_security_group_association",
      "name": "mySecGroupAssociation",
      "provider": "provider[\"registry.terraform.io/hashicorp/azurerm\"]",
      "instances": [
        {
          "index_key": 0,
          "schema_version": 0,
          "attributes": {
            "id": "/subscriptions/17b8d1eb-a17d-448b-bbd9-0ee611ad3ec0/resourceGroups/kubernetes_rg/providers/Microsoft.Network/networkInterfaces/nic-worker01|/subscriptions/17b8d1eb-a17d-448b-bbd9-0ee611ad3ec0/resourceGroups/kubernetes_rg/providers/Microsoft.Network/networkSecurityGroups/sshtraffic",
            "network_interface_id": "/subscriptions/17b8d1eb-a17d-448b-bbd9-0ee611ad3ec0/resourceGroups/kubernetes_rg/providers/Microsoft.Network/networkInterfaces/nic-worker01",
            "network_security_group_id": "/subscriptions/17b8d1eb-a17d-448b-bbd9-0ee611ad3ec0/resourceGroups/kubernetes_rg/providers/Microsoft.Network/networkSecurityGroups/sshtraffic",
            "timeouts": null
          },
          "sensitive_attributes": [],
          "private": "eyJlMmJmYjczMC1lY2FhLTExZTYtOGY4OC0zNDM2M2JjN2M0YzAiOnsiY3JlYXRlIjoxODAwMDAwMDAwMDAwLCJkZWxldGUiOjE4MDAwMDAwMDAwMDAsInJlYWQiOjMwMDAwMDAwMDAwMCwidXBkYXRlIjoxODAwMDAwMDAwMDAwfX0=",
          "dependencies": [
            "azurerm_network_interface.myNic",
            "azurerm_network_security_group.mySecGroup",
            "azurerm_public_ip.myPublicIp",
            "azurerm_resource_group.rg",
            "azurerm_subnet.mySubnet",
            "azurerm_virtual_network.myNet"
          ]
        },
        {
          "index_key": 1,
          "schema_version": 0,
          "attributes": {
            "id": "/subscriptions/17b8d1eb-a17d-448b-bbd9-0ee611ad3ec0/resourceGroups/kubernetes_rg/providers/Microsoft.Network/networkInterfaces/nic-worker02|/subscriptions/17b8d1eb-a17d-448b-bbd9-0ee611ad3ec0/resourceGroups/kubernetes_rg/providers/Microsoft.Network/networkSecurityGroups/sshtraffic",
            "network_interface_id": "/subscriptions/17b8d1eb-a17d-448b-bbd9-0ee611ad3ec0/resourceGroups/kubernetes_rg/providers/Microsoft.Network/networkInterfaces/nic-worker02",
            "network_security_group_id": "/subscriptions/17b8d1eb-a17d-448b-bbd9-0ee611ad3ec0/resourceGroups/kubernetes_rg/providers/Microsoft.Network/networkSecurityGroups/sshtraffic",
            "timeouts": null
          },
          "sensitive_attributes": [],
          "private": "eyJlMmJmYjczMC1lY2FhLTExZTYtOGY4OC0zNDM2M2JjN2M0YzAiOnsiY3JlYXRlIjoxODAwMDAwMDAwMDAwLCJkZWxldGUiOjE4MDAwMDAwMDAwMDAsInJlYWQiOjMwMDAwMDAwMDAwMCwidXBkYXRlIjoxODAwMDAwMDAwMDAwfX0=",
          "dependencies": [
            "azurerm_virtual_network.myNet",
            "azurerm_network_interface.myNic",
            "azurerm_network_security_group.mySecGroup",
            "azurerm_public_ip.myPublicIp",
            "azurerm_resource_group.rg",
            "azurerm_subnet.mySubnet"
          ]
        }
      ]
    },
    {
      "mode": "managed",
      "type": "azurerm_network_interface_security_group_association",
      "name": "mySecGroupAssociationMaster",
      "provider": "provider[\"registry.terraform.io/hashicorp/azurerm\"]",
      "instances": [
        {
          "schema_version": 0,
          "attributes": {
            "id": "/subscriptions/17b8d1eb-a17d-448b-bbd9-0ee611ad3ec0/resourceGroups/kubernetes_rg/providers/Microsoft.Network/networkInterfaces/nic-Master|/subscriptions/17b8d1eb-a17d-448b-bbd9-0ee611ad3ec0/resourceGroups/kubernetes_rg/providers/Microsoft.Network/networkSecurityGroups/sshtraffic",
            "network_interface_id": "/subscriptions/17b8d1eb-a17d-448b-bbd9-0ee611ad3ec0/resourceGroups/kubernetes_rg/providers/Microsoft.Network/networkInterfaces/nic-Master",
            "network_security_group_id": "/subscriptions/17b8d1eb-a17d-448b-bbd9-0ee611ad3ec0/resourceGroups/kubernetes_rg/providers/Microsoft.Network/networkSecurityGroups/sshtraffic",
            "timeouts": null
          },
          "sensitive_attributes": [],
          "private": "eyJlMmJmYjczMC1lY2FhLTExZTYtOGY4OC0zNDM2M2JjN2M0YzAiOnsiY3JlYXRlIjoxODAwMDAwMDAwMDAwLCJkZWxldGUiOjE4MDAwMDAwMDAwMDAsInJlYWQiOjMwMDAwMDAwMDAwMCwidXBkYXRlIjoxODAwMDAwMDAwMDAwfX0=",
          "dependencies": [
            "azurerm_network_interface.myNicMaster",
            "azurerm_network_security_group.mySecGroup",
            "azurerm_public_ip.myPublicIpMaster",
            "azurerm_resource_group.rg",
            "azurerm_subnet.mySubnet",
            "azurerm_virtual_network.myNet"
          ]
        }
      ]
    },
    {
      "mode": "managed",
      "type": "azurerm_network_security_group",
      "name": "mySecGroup",
      "provider": "provider[\"registry.terraform.io/hashicorp/azurerm\"]",
      "instances": [
        {
          "schema_version": 0,
          "attributes": {
            "id": "/subscriptions/17b8d1eb-a17d-448b-bbd9-0ee611ad3ec0/resourceGroups/kubernetes_rg/providers/Microsoft.Network/networkSecurityGroups/sshtraffic",
            "location": "westeurope",
            "name": "sshtraffic",
            "resource_group_name": "kubernetes_rg",
            "security_rule": [
              {
                "access": "Allow",
                "description": "",
                "destination_address_prefix": "*",
                "destination_address_prefixes": [],
                "destination_application_security_group_ids": [],
                "destination_port_range": "80",
                "destination_port_ranges": [],
                "direction": "Inbound",
                "name": "HTTP",
                "priority": 1001,
                "protocol": "Tcp",
                "source_address_prefix": "*",
                "source_address_prefixes": [],
                "source_application_security_group_ids": [],
                "source_port_range": "*",
                "source_port_ranges": []
              },
              {
                "access": "Allow",
                "description": null,
                "destination_address_prefix": "*",
                "destination_address_prefixes": [],
                "destination_application_security_group_ids": [],
                "destination_port_range": "22",
                "destination_port_ranges": [],
                "direction": "Inbound",
                "name": "SSH",
                "priority": 1001,
                "protocol": "Tcp",
                "source_address_prefix": "*",
                "source_address_prefixes": [],
                "source_application_security_group_ids": [],
                "source_port_range": "*",
                "source_port_ranges": []
              }
            ],
            "tags": {
              "environment": "CP2"
            },
            "timeouts": null
          },
          "sensitive_attributes": [],
          "private": "eyJlMmJmYjczMC1lY2FhLTExZTYtOGY4OC0zNDM2M2JjN2M0YzAiOnsiY3JlYXRlIjoxODAwMDAwMDAwMDAwLCJkZWxldGUiOjE4MDAwMDAwMDAwMDAsInJlYWQiOjMwMDAwMDAwMDAwMCwidXBkYXRlIjoxODAwMDAwMDAwMDAwfX0=",
          "dependencies": [
            "azurerm_resource_group.rg"
          ]
        }
      ]
    },
    {
      "mode": "managed",
      "type": "azurerm_public_ip",
      "name": "myPublicIp",
      "provider": "provider[\"registry.terraform.io/hashicorp/azurerm\"]",
      "instances": [
        {
          "index_key": 0,
          "schema_version": 0,
          "attributes": {
            "allocation_method": "Dynamic",
            "domain_name_label": "worker01cp2",
            "fqdn": "worker01cp2.westeurope.cloudapp.azure.com",
            "id": "/subscriptions/17b8d1eb-a17d-448b-bbd9-0ee611ad3ec0/resourceGroups/kubernetes_rg/providers/Microsoft.Network/publicIPAddresses/vmipworker01",
            "idle_timeout_in_minutes": 4,
            "ip_address": "13.80.49.47",
            "ip_version": "IPv4",
            "location": "westeurope",
            "name": "vmipworker01",
            "public_ip_prefix_id": null,
            "resource_group_name": "kubernetes_rg",
            "reverse_fqdn": "",
            "sku": "Basic",
            "tags": {
              "environment": "CP2"
            },
            "timeouts": null,
            "zones": []
          },
          "sensitive_attributes": [],
          "private": "eyJlMmJmYjczMC1lY2FhLTExZTYtOGY4OC0zNDM2M2JjN2M0YzAiOnsiY3JlYXRlIjoxODAwMDAwMDAwMDAwLCJkZWxldGUiOjE4MDAwMDAwMDAwMDAsInJlYWQiOjMwMDAwMDAwMDAwMCwidXBkYXRlIjoxODAwMDAwMDAwMDAwfX0=",
          "dependencies": [
            "azurerm_resource_group.rg"
          ]
        },
        {
          "index_key": 1,
          "schema_version": 0,
          "attributes": {
            "allocation_method": "Dynamic",
            "domain_name_label": "worker02cp2",
            "fqdn": "worker02cp2.westeurope.cloudapp.azure.com",
            "id": "/subscriptions/17b8d1eb-a17d-448b-bbd9-0ee611ad3ec0/resourceGroups/kubernetes_rg/providers/Microsoft.Network/publicIPAddresses/vmipworker02",
            "idle_timeout_in_minutes": 4,
            "ip_address": "40.68.10.28",
            "ip_version": "IPv4",
            "location": "westeurope",
            "name": "vmipworker02",
            "public_ip_prefix_id": null,
            "resource_group_name": "kubernetes_rg",
            "reverse_fqdn": "",
            "sku": "Basic",
            "tags": {
              "environment": "CP2"
            },
            "timeouts": null,
            "zones": []
          },
          "sensitive_attributes": [],
          "private": "eyJlMmJmYjczMC1lY2FhLTExZTYtOGY4OC0zNDM2M2JjN2M0YzAiOnsiY3JlYXRlIjoxODAwMDAwMDAwMDAwLCJkZWxldGUiOjE4MDAwMDAwMDAwMDAsInJlYWQiOjMwMDAwMDAwMDAwMCwidXBkYXRlIjoxODAwMDAwMDAwMDAwfX0=",
          "dependencies": [
            "azurerm_resource_group.rg"
          ]
        }
      ]
    },
    {
      "mode": "managed",
      "type": "azurerm_public_ip",
      "name": "myPublicIpMaster",
      "provider": "provider[\"registry.terraform.io/hashicorp/azurerm\"]",
      "instances": [
        {
          "schema_version": 0,
          "attributes": {
            "allocation_method": "Dynamic",
            "domain_name_label": "mastercp2",
            "fqdn": "mastercp2.westeurope.cloudapp.azure.com",
            "id": "/subscriptions/17b8d1eb-a17d-448b-bbd9-0ee611ad3ec0/resourceGroups/kubernetes_rg/providers/Microsoft.Network/publicIPAddresses/vmipMaster",
            "idle_timeout_in_minutes": 4,
            "ip_address": "40.68.12.41",
            "ip_version": "IPv4",
            "location": "westeurope",
            "name": "vmipMaster",
            "public_ip_prefix_id": null,
            "resource_group_name": "kubernetes_rg",
            "reverse_fqdn": "",
            "sku": "Basic",
            "tags": {
              "environment": "CP2"
            },
            "timeouts": null,
            "zones": []
          },
          "sensitive_attributes": [],
          "private": "eyJlMmJmYjczMC1lY2FhLTExZTYtOGY4OC0zNDM2M2JjN2M0YzAiOnsiY3JlYXRlIjoxODAwMDAwMDAwMDAwLCJkZWxldGUiOjE4MDAwMDAwMDAwMDAsInJlYWQiOjMwMDAwMDAwMDAwMCwidXBkYXRlIjoxODAwMDAwMDAwMDAwfX0=",
          "dependencies": [
            "azurerm_resource_group.rg"
          ]
        }
      ]
    },
    {
      "mode": "managed",
      "type": "azurerm_resource_group",
      "name": "rg",
      "provider": "provider[\"registry.terraform.io/hashicorp/azurerm\"]",
      "instances": [
        {
          "schema_version": 0,
          "attributes": {
            "id": "/subscriptions/17b8d1eb-a17d-448b-bbd9-0ee611ad3ec0/resourceGroups/kubernetes_rg",
            "location": "westeurope",
            "name": "kubernetes_rg",
            "tags": {
              "environment": "CP2"
            },
            "timeouts": null
          },
          "sensitive_attributes": [],
          "private": "eyJlMmJmYjczMC1lY2FhLTExZTYtOGY4OC0zNDM2M2JjN2M0YzAiOnsiY3JlYXRlIjo1NDAwMDAwMDAwMDAwLCJkZWxldGUiOjU0MDAwMDAwMDAwMDAsInJlYWQiOjMwMDAwMDAwMDAwMCwidXBkYXRlIjo1NDAwMDAwMDAwMDAwfX0="
        }
      ]
    },
    {
      "mode": "managed",
      "type": "azurerm_storage_account",
      "name": "stAccount",
      "provider": "provider[\"registry.terraform.io/hashicorp/azurerm\"]",
      "instances": [
        {
          "schema_version": 2,
          "attributes": {
            "access_tier": "Hot",
            "account_kind": "StorageV2",
            "account_replication_type": "LRS",
            "account_tier": "Standard",
            "allow_blob_public_access": false,
            "blob_properties": [],
            "custom_domain": [],
            "enable_https_traffic_only": true,
            "id": "/subscriptions/17b8d1eb-a17d-448b-bbd9-0ee611ad3ec0/resourceGroups/kubernetes_rg/providers/Microsoft.Storage/storageAccounts/staaccountenvcp2",
            "identity": [],
            "is_hns_enabled": false,
            "large_file_share_enabled": null,
            "location": "westeurope",
            "min_tls_version": "TLS1_0",
            "name": "staaccountenvcp2",
            "network_rules": [
              {
                "bypass": [
                  "AzureServices"
                ],
                "default_action": "Allow",
                "ip_rules": [],
                "virtual_network_subnet_ids": []
              }
            ],
            "primary_access_key": "u1z2w3ZNSwnTEj/PQj4hIlWye1o89ELmC7n/Mzsbnzkyf1iR7MiPmE30i5Oa3NORpm9xCtZoD5fOSFvaJGKyzQ==",
            "primary_blob_connection_string": "DefaultEndpointsProtocol=https;BlobEndpoint=https://staaccountenvcp2.blob.core.windows.net/;AccountName=staaccountenvcp2;AccountKey=u1z2w3ZNSwnTEj/PQj4hIlWye1o89ELmC7n/Mzsbnzkyf1iR7MiPmE30i5Oa3NORpm9xCtZoD5fOSFvaJGKyzQ==",
            "primary_blob_endpoint": "https://staaccountenvcp2.blob.core.windows.net/",
            "primary_blob_host": "staaccountenvcp2.blob.core.windows.net",
            "primary_connection_string": "DefaultEndpointsProtocol=https;AccountName=staaccountenvcp2;AccountKey=u1z2w3ZNSwnTEj/PQj4hIlWye1o89ELmC7n/Mzsbnzkyf1iR7MiPmE30i5Oa3NORpm9xCtZoD5fOSFvaJGKyzQ==;EndpointSuffix=core.windows.net",
            "primary_dfs_endpoint": "https://staaccountenvcp2.dfs.core.windows.net/",
            "primary_dfs_host": "staaccountenvcp2.dfs.core.windows.net",
            "primary_file_endpoint": "https://staaccountenvcp2.file.core.windows.net/",
            "primary_file_host": "staaccountenvcp2.file.core.windows.net",
            "primary_location": "westeurope",
            "primary_queue_endpoint": "https://staaccountenvcp2.queue.core.windows.net/",
            "primary_queue_host": "staaccountenvcp2.queue.core.windows.net",
            "primary_table_endpoint": "https://staaccountenvcp2.table.core.windows.net/",
            "primary_table_host": "staaccountenvcp2.table.core.windows.net",
            "primary_web_endpoint": "https://staaccountenvcp2.z6.web.core.windows.net/",
            "primary_web_host": "staaccountenvcp2.z6.web.core.windows.net",
            "queue_properties": [
              {
                "cors_rule": [],
                "hour_metrics": [
                  {
                    "enabled": true,
                    "include_apis": true,
                    "retention_policy_days": 7,
                    "version": "1.0"
                  }
                ],
                "logging": [
                  {
                    "delete": false,
                    "read": false,
                    "retention_policy_days": 0,
                    "version": "1.0",
                    "write": false
                  }
                ],
                "minute_metrics": [
                  {
                    "enabled": false,
                    "include_apis": false,
                    "retention_policy_days": 0,
                    "version": "1.0"
                  }
                ]
              }
            ],
            "resource_group_name": "kubernetes_rg",
            "secondary_access_key": "0B5urwFEh+PJssL+jNS6CgPB/x5B+4UwrrpTyGJGL3yNJ/i5a8iM/7klx46WHxE7d8q8ouBm3JTXpntArizN+w==",
            "secondary_blob_connection_string": "",
            "secondary_blob_endpoint": null,
            "secondary_blob_host": null,
            "secondary_connection_string": "DefaultEndpointsProtocol=https;AccountName=staaccountenvcp2;AccountKey=0B5urwFEh+PJssL+jNS6CgPB/x5B+4UwrrpTyGJGL3yNJ/i5a8iM/7klx46WHxE7d8q8ouBm3JTXpntArizN+w==;EndpointSuffix=core.windows.net",
            "secondary_dfs_endpoint": null,
            "secondary_dfs_host": null,
            "secondary_file_endpoint": null,
            "secondary_file_host": null,
            "secondary_location": "",
            "secondary_queue_endpoint": null,
            "secondary_queue_host": null,
            "secondary_table_endpoint": null,
            "secondary_table_host": null,
            "secondary_web_endpoint": null,
            "secondary_web_host": null,
            "static_website": [],
            "tags": {
              "environment": "CP2"
            },
            "timeouts": null
          },
          "sensitive_attributes": [],
          "private": "eyJlMmJmYjczMC1lY2FhLTExZTYtOGY4OC0zNDM2M2JjN2M0YzAiOnsiY3JlYXRlIjozNjAwMDAwMDAwMDAwLCJkZWxldGUiOjM2MDAwMDAwMDAwMDAsInJlYWQiOjMwMDAwMDAwMDAwMCwidXBkYXRlIjozNjAwMDAwMDAwMDAwfSwic2NoZW1hX3ZlcnNpb24iOiIyIn0=",
          "dependencies": [
            "azurerm_resource_group.rg"
          ]
        }
      ]
    },
    {
      "mode": "managed",
      "type": "azurerm_subnet",
      "name": "mySubnet",
      "provider": "provider[\"registry.terraform.io/hashicorp/azurerm\"]",
      "instances": [
        {
          "schema_version": 0,
          "attributes": {
            "address_prefix": "10.0.1.0/24",
            "address_prefixes": [
              "10.0.1.0/24"
            ],
            "delegation": [],
            "enforce_private_link_endpoint_network_policies": false,
            "enforce_private_link_service_network_policies": false,
            "id": "/subscriptions/17b8d1eb-a17d-448b-bbd9-0ee611ad3ec0/resourceGroups/kubernetes_rg/providers/Microsoft.Network/virtualNetworks/kubernetesnet/subnets/terraformsubnet",
            "name": "terraformsubnet",
            "resource_group_name": "kubernetes_rg",
            "service_endpoint_policy_ids": [],
            "service_endpoints": [],
            "timeouts": null,
            "virtual_network_name": "kubernetesnet"
          },
          "sensitive_attributes": [],
          "private": "eyJlMmJmYjczMC1lY2FhLTExZTYtOGY4OC0zNDM2M2JjN2M0YzAiOnsiY3JlYXRlIjoxODAwMDAwMDAwMDAwLCJkZWxldGUiOjE4MDAwMDAwMDAwMDAsInJlYWQiOjMwMDAwMDAwMDAwMCwidXBkYXRlIjoxODAwMDAwMDAwMDAwfX0=",
          "dependencies": [
            "azurerm_resource_group.rg",
            "azurerm_virtual_network.myNet"
          ]
        }
      ]
    },
    {
      "mode": "managed",
      "type": "azurerm_virtual_machine_data_disk_attachment",
      "name": "nfs",
      "provider": "provider[\"registry.terraform.io/hashicorp/azurerm\"]",
      "instances": [
        {
          "schema_version": 0,
          "attributes": {
            "caching": "ReadWrite",
            "create_option": "Attach",
            "id": "/subscriptions/17b8d1eb-a17d-448b-bbd9-0ee611ad3ec0/resourceGroups/kubernetes_rg/providers/Microsoft.Compute/virtualMachines/master/dataDisks/nfs-data",
            "lun": 10,
            "managed_disk_id": "/subscriptions/17b8d1eb-a17d-448b-bbd9-0ee611ad3ec0/resourceGroups/kubernetes_rg/providers/Microsoft.Compute/disks/nfs-data",
            "timeouts": null,
            "virtual_machine_id": "/subscriptions/17b8d1eb-a17d-448b-bbd9-0ee611ad3ec0/resourceGroups/kubernetes_rg/providers/Microsoft.Compute/virtualMachines/master",
            "write_accelerator_enabled": false
          },
          "sensitive_attributes": [],
          "private": "eyJlMmJmYjczMC1lY2FhLTExZTYtOGY4OC0zNDM2M2JjN2M0YzAiOnsiY3JlYXRlIjoxODAwMDAwMDAwMDAwLCJkZWxldGUiOjE4MDAwMDAwMDAwMDAsInJlYWQiOjMwMDAwMDAwMDAwMCwidXBkYXRlIjoxODAwMDAwMDAwMDAwfX0=",
          "dependencies": [
            "azurerm_storage_account.stAccount",
            "azurerm_subnet.mySubnet",
            "azurerm_virtual_network.myNet",
            "azurerm_linux_virtual_machine.myVM_master",
            "azurerm_managed_disk.nfs",
            "azurerm_network_interface.myNicMaster",
            "azurerm_public_ip.myPublicIpMaster",
            "azurerm_resource_group.rg"
          ]
        }
      ]
    },
    {
      "mode": "managed",
      "type": "azurerm_virtual_network",
      "name": "myNet",
      "provider": "provider[\"registry.terraform.io/hashicorp/azurerm\"]",
      "instances": [
        {
          "schema_version": 0,
          "attributes": {
            "address_space": [
              "10.0.0.0/16"
            ],
            "bgp_community": "",
            "ddos_protection_plan": [],
            "dns_servers": [],
            "guid": "677dec3b-baca-4c4b-9d93-ddd4d75c4c80",
            "id": "/subscriptions/17b8d1eb-a17d-448b-bbd9-0ee611ad3ec0/resourceGroups/kubernetes_rg/providers/Microsoft.Network/virtualNetworks/kubernetesnet",
            "location": "westeurope",
            "name": "kubernetesnet",
            "resource_group_name": "kubernetes_rg",
            "subnet": [
              {
                "address_prefix": "10.0.1.0/24",
                "id": "/subscriptions/17b8d1eb-a17d-448b-bbd9-0ee611ad3ec0/resourceGroups/kubernetes_rg/providers/Microsoft.Network/virtualNetworks/kubernetesnet/subnets/terraformsubnet",
                "name": "terraformsubnet",
                "security_group": ""
              }
            ],
            "tags": {
              "environment": "CP2"
            },
            "timeouts": null,
            "vm_protection_enabled": false
          },
          "sensitive_attributes": [],
          "private": "eyJlMmJmYjczMC1lY2FhLTExZTYtOGY4OC0zNDM2M2JjN2M0YzAiOnsiY3JlYXRlIjoxODAwMDAwMDAwMDAwLCJkZWxldGUiOjE4MDAwMDAwMDAwMDAsInJlYWQiOjMwMDAwMDAwMDAwMCwidXBkYXRlIjoxODAwMDAwMDAwMDAwfX0=",
          "dependencies": [
            "azurerm_resource_group.rg"
          ]
        }
      ]
    }
  ]
}
